
Microsoft Visual Studio Solution File, Format Version 12.00
# Visual Studio Version 17
VisualStudioVersion = 17.4.33122.133
MinimumVisualStudioVersion = 10.0.40219.1
Project("{FAE04EC0-301F-11D3-BF4B-00C04F79EFBC}") = "WorkoutApp", "WorkoutApp\WorkoutApp.csproj", "{C7C6AD3E-4C3F-43B0-A897-0D9158E0694A}"
EndProject
Global
	GlobalSection(SolutionConfigurationPlatforms) = preSolution
		Debug|Any CPU = Debug|Any CPU
		Release|Any CPU = Release|Any CPU
	EndGlobalSection
	GlobalSection(ProjectConfigurationPlatforms) = postSolution
		{C7C6AD3E-4C3F-43B0-A897-0D9158E0694A}.Debug|Any CPU.ActiveCfg = Debug|Any CPU
		{C7C6AD3E-4C3F-43B0-A897-0D9158E0694A}.Debug|Any CPU.Build.0 = Debug|Any CPU
		{C7C6AD3E-4C3F-43B0-A897-0D9158E0694A}.Release|Any CPU.ActiveCfg = Release|Any CPU
		{C7C6AD3E-4C3F-43B0-A897-0D9158E0694A}.Release|Any CPU.Build.0 = Release|Any CPU
	EndGlobalSection
	GlobalSection(SolutionProperties) = preSolution
		HideSolutionNode = FALSE
	EndGlobalSection
	GlobalSection(ExtensibilityGlobals) = postSolution
		SolutionGuid = {A7A33504-8ADA-41E4-9B81-B919346D0B1E}
	EndGlobalSection
EndGlobal
